
Microsoft Visual Studio Solution File, Format Version 12.00
# Visual Studio Version 17
VisualStudioVersion = 17.9.34723.18
MinimumVisualStudioVersion = 10.0.40219.1
Project("{FAE04EC0-301F-11D3-BF4B-00C04F79EFBC}") = "Exsr3", "Exsr3\Exsr3.csproj", "{0F9DEFE7-0FC5-405F-9FB7-6E6B68547CF1}"
EndProject
Global
	GlobalSection(SolutionConfigurationPlatforms) = preSolution
		Debug|Any CPU = Debug|Any CPU
		Release|Any CPU = Release|Any CPU
	EndGlobalSection
	GlobalSection(ProjectConfigurationPlatforms) = postSolution
		{0F9DEFE7-0FC5-405F-9FB7-6E6B68547CF1}.Debug|Any CPU.ActiveCfg = Debug|Any CPU
		{0F9DEFE7-0FC5-405F-9FB7-6E6B68547CF1}.Debug|Any CPU.Build.0 = Debug|Any CPU
		{0F9DEFE7-0FC5-405F-9FB7-6E6B68547CF1}.Release|Any CPU.ActiveCfg = Release|Any CPU
		{0F9DEFE7-0FC5-405F-9FB7-6E6B68547CF1}.Release|Any CPU.Build.0 = Release|Any CPU
	EndGlobalSection
	GlobalSection(SolutionProperties) = preSolution
		HideSolutionNode = FALSE
	EndGlobalSection
	GlobalSection(ExtensibilityGlobals) = postSolution
		SolutionGuid = {B6A3FD19-9BF2-4DE7-86CC-E5EEC46BD7B9}
	EndGlobalSection
EndGlobal
